# This file is automatically @generated by Poetry 1.8.2 and should not be changed by hand.

[[package]]
name = "paho-mqtt"
version = "2.0.0"
description = "MQTT version 5.0/3.1.1 client class"
optional = false
python-versions = ">=3.7"
files = [
    {file = "paho_mqtt-2.0.0-py3-none-any.whl", hash = "sha256:2ef745073dfc9aa68bfec30d0b9b6f0304ea75182bae85a7c77a80cefce1eff5"},
    {file = "paho_mqtt-2.0.0.tar.gz", hash = "sha256:13b205f29251e4f2c66a6c923c31fc4fd780561e03b2d775cff8e4f2915cf947"},
]

[package.extras]
proxy = ["pysocks"]

[[package]]
name = "python-dotenv"
version = "1.0.1"
description = "Read key-value pairs from a .env file and set them as environment variables"
optional = false
python-versions = ">=3.8"
files = [
    {file = "python-dotenv-1.0.1.tar.gz", hash = "sha256:e324ee90a023d808f1959c46bcbc04446a10ced277783dc6ee09987c37ec10ca"},
    {file = "python_dotenv-1.0.1-py3-none-any.whl", hash = "sha256:f7b63ef50f1b690dddf550d03497b66d609393b40b564ed0d674909a68ebf16a"},
]

[package.extras]
cli = ["click (>=5.0)"]

[metadata]
lock-version = "2.0"
python-versions = "^3.11"
content-hash = "eee40fcf28dc15131e647b1addf2e650cc20c2207c71788a7b90d2987fc30e01"
